
Microsoft Visual Studio Solution File, Format Version 12.00
# Visual Studio Version 17
VisualStudioVersion = 17.3.32825.248
MinimumVisualStudioVersion = 10.0.40219.1
Project("{FAE04EC0-301F-11D3-BF4B-00C04F79EFBC}") = "WTM.KLine", "WTM.Kline\WTM.KLine.csproj", "{5BED8DAB-B15E-4AC7-9A61-6BBD2151AD50}"
EndProject
Project("{FAE04EC0-301F-11D3-BF4B-00C04F79EFBC}") = "WTM.Shared", "WTM.Shared\WTM.Shared.csproj", "{3635AE78-1D95-4B46-A4D9-AFFFC0DC63CC}"
EndProject
Global
	GlobalSection(SolutionConfigurationPlatforms) = preSolution
		Debug|Any CPU = Debug|Any CPU
		Release|Any CPU = Release|Any CPU
	EndGlobalSection
	GlobalSection(ProjectConfigurationPlatforms) = postSolution
		{5BED8DAB-B15E-4AC7-9A61-6BBD2151AD50}.Debug|Any CPU.ActiveCfg = Debug|Any CPU
		{5BED8DAB-B15E-4AC7-9A61-6BBD2151AD50}.Debug|Any CPU.Build.0 = Debug|Any CPU
		{5BED8DAB-B15E-4AC7-9A61-6BBD2151AD50}.Release|Any CPU.ActiveCfg = Release|Any CPU
		{5BED8DAB-B15E-4AC7-9A61-6BBD2151AD50}.Release|Any CPU.Build.0 = Release|Any CPU
		{3635AE78-1D95-4B46-A4D9-AFFFC0DC63CC}.Debug|Any CPU.ActiveCfg = Debug|Any CPU
		{3635AE78-1D95-4B46-A4D9-AFFFC0DC63CC}.Debug|Any CPU.Build.0 = Debug|Any CPU
		{3635AE78-1D95-4B46-A4D9-AFFFC0DC63CC}.Release|Any CPU.ActiveCfg = Release|Any CPU
		{3635AE78-1D95-4B46-A4D9-AFFFC0DC63CC}.Release|Any CPU.Build.0 = Release|Any CPU
	EndGlobalSection
	GlobalSection(SolutionProperties) = preSolution
		HideSolutionNode = FALSE
	EndGlobalSection
	GlobalSection(ExtensibilityGlobals) = postSolution
		SolutionGuid = {8AD2F43F-0AFE-49D2-8AE5-8D7836D69083}
	EndGlobalSection
EndGlobal
